
Microsoft Visual Studio Solution File, Format Version 12.00
# Visual Studio Version 17
VisualStudioVersion = 17.7.34221.43
MinimumVisualStudioVersion = 10.0.40219.1
Project("{2150E333-8FDC-42A3-9474-1A3956D46DE8}") = "ShopManagment", "ShopManagment", "{2D78FC39-0FBD-4FAE-B971-82B89CDB8AAB}"
EndProject
Project("{9A19103F-16F7-4668-BE54-9A1E7A4F7556}") = "0_Framwork", "0_Framwork\0_Framwork.csproj", "{4700EF76-AEB4-4979-9F8E-E4E27C3383BD}"
EndProject
Project("{2150E333-8FDC-42A3-9474-1A3956D46DE8}") = "SM.Domain", "SM.Domain", "{667B7586-1A0C-48C8-9285-C4131039E482}"
EndProject
Project("{9A19103F-16F7-4668-BE54-9A1E7A4F7556}") = "ShopManagement.Domain", "ShopManagement.Domain\ShopManagement.Domain.csproj", "{7832B5D8-9853-4D1B-907F-85D29B7EC842}"
EndProject
Project("{2150E333-8FDC-42A3-9474-1A3956D46DE8}") = "SM.Application", "SM.Application", "{95764511-4AE0-424B-899D-6E501F325B01}"
EndProject
Project("{9A19103F-16F7-4668-BE54-9A1E7A4F7556}") = "ShopManagement.Application.Contracts", "ShopManagement.Application.Contracts\ShopManagement.Application.Contracts.csproj", "{DE073D94-2461-4988-BC61-7EFC028C6E17}"
EndProject
Project("{9A19103F-16F7-4668-BE54-9A1E7A4F7556}") = "ShopManagement.Application", "ShopManagement.Application\ShopManagement.Application.csproj", "{8860A508-A0EC-457C-904A-FCF03C93D4AB}"
EndProject
Project("{2150E333-8FDC-42A3-9474-1A3956D46DE8}") = "SM.Infrastructure", "SM.Infrastructure", "{34BA1B92-C552-4104-AD20-CF73BA6C472F}"
EndProject
Project("{9A19103F-16F7-4668-BE54-9A1E7A4F7556}") = "ShopManagement.Infrastructure.EFCore", "ShopManagement.Infrastructure.EFCore\ShopManagement.Infrastructure.EFCore.csproj", "{80F5338F-2BC1-4081-95AC-9AD2842F4715}"
EndProject
Project("{9A19103F-16F7-4668-BE54-9A1E7A4F7556}") = "ShopManagement.Infrastructure.Config", "ShopManagement.Infrastructure.Config\ShopManagement.Infrastructure.Config.csproj", "{9CCAF934-C597-43AB-91BE-50E46F01C84E}"
EndProject
Project("{9A19103F-16F7-4668-BE54-9A1E7A4F7556}") = "ServiceHost", "ServiceHost\ServiceHost.csproj", "{B9598046-8100-48B3-AD3D-BB6EA421F3C9}"
EndProject
Project("{9A19103F-16F7-4668-BE54-9A1E7A4F7556}") = "01_DigiOneQuery", "01_DigiOneQuery\01_DigiOneQuery.csproj", "{860798F2-AC08-40EF-857A-A94EE78FB6D9}"
EndProject
Project("{2150E333-8FDC-42A3-9474-1A3956D46DE8}") = "DiscountManagement", "DiscountManagement", "{D4D8508D-11E5-46B2-865B-621FA5B6CBE6}"
EndProject
Project("{2150E333-8FDC-42A3-9474-1A3956D46DE8}") = "DM.Application", "DM.Application", "{FF24E592-3E6A-4765-A18D-38615F154CB5}"
EndProject
Project("{2150E333-8FDC-42A3-9474-1A3956D46DE8}") = "DM.Domain", "DM.Domain", "{01BD4E64-17B1-439C-9FFF-DDE94ECD88FF}"
EndProject
Project("{2150E333-8FDC-42A3-9474-1A3956D46DE8}") = "DM.Infrastructure", "DM.Infrastructure", "{0489AA4C-3861-4AA9-AC37-7B7592D7DA8B}"
EndProject
Project("{9A19103F-16F7-4668-BE54-9A1E7A4F7556}") = "DiscountManagement.Domain", "DiscountManagement.Domain\DiscountManagement.Domain.csproj", "{9B12E0C6-D952-4D17-9FB7-252BBA5EB4F3}"
EndProject
Project("{9A19103F-16F7-4668-BE54-9A1E7A4F7556}") = "DiscountManagement.Application.Contracts", "DiscountManagement.Application.Contracts\DiscountManagement.Application.Contracts.csproj", "{8BA1066F-E656-4E08-B83D-6FA2046ADF2A}"
EndProject
Project("{9A19103F-16F7-4668-BE54-9A1E7A4F7556}") = "DiscountManagement.Application", "DiscountManagement.Application\DiscountManagement.Application.csproj", "{8482B888-C866-41E7-AF01-026599FD1E48}"
EndProject
Project("{9A19103F-16F7-4668-BE54-9A1E7A4F7556}") = "DiscountManagement.Infrastructure.EFCore", "DiscountManagement.Infrastructure.EFCore\DiscountManagement.Infrastructure.EFCore.csproj", "{5DD94824-8C6E-4767-8929-D5FDFD5A8F57}"
EndProject
Project("{9A19103F-16F7-4668-BE54-9A1E7A4F7556}") = "DiscountManagement.Infrastructure.Config", "DiscountManagement.Infrastructure.Config\DiscountManagement.Infrastructure.Config.csproj", "{033F8820-4BAB-444A-979E-969F57F9E45B}"
EndProject
Project("{2150E333-8FDC-42A3-9474-1A3956D46DE8}") = "InventoryManagement", "InventoryManagement", "{4FEEEF44-A7E9-4AA8-A9A4-505D955D4886}"
EndProject
Project("{2150E333-8FDC-42A3-9474-1A3956D46DE8}") = "IM.Domain", "IM.Domain", "{A22898CE-4D89-48C6-B065-97276C466049}"
EndProject
Project("{9A19103F-16F7-4668-BE54-9A1E7A4F7556}") = "InventoryManagement.Domain", "InventoryManagement.Domain\InventoryManagement.Domain.csproj", "{9346059F-C792-433B-8C89-35D40824ACE5}"
EndProject
Project("{2150E333-8FDC-42A3-9474-1A3956D46DE8}") = "IM.Application", "IM.Application", "{7489D95A-C099-4767-B22C-1BFC21F93171}"
EndProject
Project("{9A19103F-16F7-4668-BE54-9A1E7A4F7556}") = "InventoryManagement.Application.Contracts", "InventoryManagement.Application.Contracts\InventoryManagement.Application.Contracts.csproj", "{140A207F-E141-49DE-9692-B7569A11E6F8}"
EndProject
Project("{2150E333-8FDC-42A3-9474-1A3956D46DE8}") = "IM.Infrastructure", "IM.Infrastructure", "{388C9F9C-A174-4EB3-9DA8-048C6AB78673}"
EndProject
Project("{9A19103F-16F7-4668-BE54-9A1E7A4F7556}") = "InventoryManagement.Infrastructure.EFCore", "InventoryManagement.Infrastructure.EFCore\InventoryManagement.Infrastructure.EFCore.csproj", "{BF6E056A-4634-4FE5-A5C0-A3F0588DA0B9}"
EndProject
Project("{9A19103F-16F7-4668-BE54-9A1E7A4F7556}") = "InventoryManagement.Infrastructure.Config", "InventoryManagement.Infrastructure.Config\InventoryManagement.Infrastructure.Config.csproj", "{CA999A3B-ED30-4A0F-91B3-5F1DAC26ACD0}"
EndProject
Project("{9A19103F-16F7-4668-BE54-9A1E7A4F7556}") = "InventoryManagement.Application", "InventoryManagement.Application\InventoryManagement.Application.csproj", "{C936FB8A-EF59-4F43-B61B-E58B5CF8155B}"
EndProject
Project("{2150E333-8FDC-42A3-9474-1A3956D46DE8}") = "AccountManagement", "AccountManagement", "{736DF70B-E510-4670-BA4A-9253399D82B3}"
EndProject
Project("{2150E333-8FDC-42A3-9474-1A3956D46DE8}") = "AM.Domain", "AM.Domain", "{8495A454-69C4-4B8B-AE5F-5D8BA36C7E72}"
EndProject
Project("{9A19103F-16F7-4668-BE54-9A1E7A4F7556}") = "AccountManagement.Domain", "AccountManagement.Domain\AccountManagement.Domain.csproj", "{679786D3-FBE4-42AB-B6B0-D97AE877CB0C}"
EndProject
Project("{2150E333-8FDC-42A3-9474-1A3956D46DE8}") = "AM.Application", "AM.Application", "{A39DE6B6-2ED8-4B3B-85DB-B6589BAC7957}"
EndProject
Project("{9A19103F-16F7-4668-BE54-9A1E7A4F7556}") = "AccountManagement.Application.Contracts", "AccountManagement.Application.Contracts\AccountManagement.Application.Contracts.csproj", "{002D2925-2E95-4052-A2A8-8ECE0DC7EE35}"
EndProject
Project("{2150E333-8FDC-42A3-9474-1A3956D46DE8}") = "AM.Infrastructure", "AM.Infrastructure", "{8B8A6FF3-DBA8-4E23-A504-3BAC650E458D}"
EndProject
Project("{9A19103F-16F7-4668-BE54-9A1E7A4F7556}") = "AccountManagement.Infrastructure.EFCore", "AccountManagement.Infrastructure.EFCore\AccountManagement.Infrastructure.EFCore.csproj", "{06E98E08-BD12-4570-906A-8094A52A8B0A}"
EndProject
Project("{9A19103F-16F7-4668-BE54-9A1E7A4F7556}") = "AccountManagement.Application", "AccountManagement.Application\AccountManagement.Application.csproj", "{F961A710-34B5-49CC-9DAF-660F414B973D}"
EndProject
Project("{9A19103F-16F7-4668-BE54-9A1E7A4F7556}") = "AccountManagement.Infrastructure.Config", "AccountManagement.Infrastructure.Config\AccountManagement.Infrastructure.Config.csproj", "{4AEB6D98-27C5-48BA-8F98-7150B5D1F03D}"
EndProject
Project("{9A19103F-16F7-4668-BE54-9A1E7A4F7556}") = "ShopManagement.Infrastructure.Acl", "ShopManagement.Infrastructure.Acl\ShopManagement.Infrastructure.Acl.csproj", "{395D75FA-0098-44B0-A34C-7B044A11B568}"
EndProject
Project("{2150E333-8FDC-42A3-9474-1A3956D46DE8}") = "IM.Presentation", "IM.Presentation", "{3924F5E4-F40A-48BD-B31C-E533EC318CDE}"
EndProject
Project("{9A19103F-16F7-4668-BE54-9A1E7A4F7556}") = "InventoryManagement.Presentation.API", "InventoryManagement.Presentation.API\InventoryManagement.Presentation.API.csproj", "{661AEA81-9221-45B1-9179-08848708345D}"
EndProject
Project("{2150E333-8FDC-42A3-9474-1A3956D46DE8}") = "ReportManagment", "ReportManagment", "{1C533FF3-897F-41AB-91CE-CAE4E6340393}"
EndProject
Project("{2150E333-8FDC-42A3-9474-1A3956D46DE8}") = "RM.Domain", "RM.Domain", "{705901F6-3CA6-4291-A11A-015DC4F43801}"
EndProject
Project("{2150E333-8FDC-42A3-9474-1A3956D46DE8}") = "RM.Application", "RM.Application", "{0B3C7C6E-C1BB-49B8-8551-E851966C30EC}"
EndProject
Project("{2150E333-8FDC-42A3-9474-1A3956D46DE8}") = "RM.Infrastructure", "RM.Infrastructure", "{E4E75F14-9F6A-4D27-BA62-5974FECF250B}"
EndProject
Project("{FAE04EC0-301F-11D3-BF4B-00C04F79EFBC}") = "ReportManagment.Domain", "ReportManagment.Domain\ReportManagment.Domain.csproj", "{E4B7B91D-28FF-4654-B90C-71CC61E4B2CE}"
EndProject
Project("{FAE04EC0-301F-11D3-BF4B-00C04F79EFBC}") = "ReportManagement.Infrastructure.EFCore", "ReportManagement.Infrastructure.EFCore\ReportManagement.Infrastructure.EFCore.csproj", "{455A18D9-11F5-404F-9B2A-FD55CCAB2C0F}"
EndProject
Project("{FAE04EC0-301F-11D3-BF4B-00C04F79EFBC}") = "ReportManagement.Application.Contracts", "ReportManagement.Application.Contracts\ReportManagement.Application.Contracts.csproj", "{3F846AD9-E955-42F0-9D59-5E5FD71F92A2}"
EndProject
Project("{FAE04EC0-301F-11D3-BF4B-00C04F79EFBC}") = "ReportManagement.Application", "ReportManagement.Application\ReportManagement.Application.csproj", "{D0FC0685-1A1A-4074-83F5-2E5BA05444A0}"
EndProject
Project("{FAE04EC0-301F-11D3-BF4B-00C04F79EFBC}") = "ReportManagement.Infrastructure.Config", "ReportManagement.Infrastructure.Config\ReportManagement.Infrastructure.Config.csproj", "{D1D7A53C-792C-4587-8ACE-DE0A79F05A13}"
EndProject
Global
	GlobalSection(SolutionConfigurationPlatforms) = preSolution
		Debug|Any CPU = Debug|Any CPU
		Release|Any CPU = Release|Any CPU
	EndGlobalSection
	GlobalSection(ProjectConfigurationPlatforms) = postSolution
		{4700EF76-AEB4-4979-9F8E-E4E27C3383BD}.Debug|Any CPU.ActiveCfg = Debug|Any CPU
		{4700EF76-AEB4-4979-9F8E-E4E27C3383BD}.Debug|Any CPU.Build.0 = Debug|Any CPU
		{4700EF76-AEB4-4979-9F8E-E4E27C3383BD}.Release|Any CPU.ActiveCfg = Release|Any CPU
		{4700EF76-AEB4-4979-9F8E-E4E27C3383BD}.Release|Any CPU.Build.0 = Release|Any CPU
		{7832B5D8-9853-4D1B-907F-85D29B7EC842}.Debug|Any CPU.ActiveCfg = Debug|Any CPU
		{7832B5D8-9853-4D1B-907F-85D29B7EC842}.Debug|Any CPU.Build.0 = Debug|Any CPU
		{7832B5D8-9853-4D1B-907F-85D29B7EC842}.Release|Any CPU.ActiveCfg = Release|Any CPU
		{7832B5D8-9853-4D1B-907F-85D29B7EC842}.Release|Any CPU.Build.0 = Release|Any CPU
		{DE073D94-2461-4988-BC61-7EFC028C6E17}.Debug|Any CPU.ActiveCfg = Debug|Any CPU
		{DE073D94-2461-4988-BC61-7EFC028C6E17}.Debug|Any CPU.Build.0 = Debug|Any CPU
		{DE073D94-2461-4988-BC61-7EFC028C6E17}.Release|Any CPU.ActiveCfg = Release|Any CPU
		{DE073D94-2461-4988-BC61-7EFC028C6E17}.Release|Any CPU.Build.0 = Release|Any CPU
		{8860A508-A0EC-457C-904A-FCF03C93D4AB}.Debug|Any CPU.ActiveCfg = Debug|Any CPU
		{8860A508-A0EC-457C-904A-FCF03C93D4AB}.Debug|Any CPU.Build.0 = Debug|Any CPU
		{8860A508-A0EC-457C-904A-FCF03C93D4AB}.Release|Any CPU.ActiveCfg = Release|Any CPU
		{8860A508-A0EC-457C-904A-FCF03C93D4AB}.Release|Any CPU.Build.0 = Release|Any CPU
		{80F5338F-2BC1-4081-95AC-9AD2842F4715}.Debug|Any CPU.ActiveCfg = Debug|Any CPU
		{80F5338F-2BC1-4081-95AC-9AD2842F4715}.Debug|Any CPU.Build.0 = Debug|Any CPU
		{80F5338F-2BC1-4081-95AC-9AD2842F4715}.Release|Any CPU.ActiveCfg = Release|Any CPU
		{80F5338F-2BC1-4081-95AC-9AD2842F4715}.Release|Any CPU.Build.0 = Release|Any CPU
		{9CCAF934-C597-43AB-91BE-50E46F01C84E}.Debug|Any CPU.ActiveCfg = Debug|Any CPU
		{9CCAF934-C597-43AB-91BE-50E46F01C84E}.Debug|Any CPU.Build.0 = Debug|Any CPU
		{9CCAF934-C597-43AB-91BE-50E46F01C84E}.Release|Any CPU.ActiveCfg = Release|Any CPU
		{9CCAF934-C597-43AB-91BE-50E46F01C84E}.Release|Any CPU.Build.0 = Release|Any CPU
		{B9598046-8100-48B3-AD3D-BB6EA421F3C9}.Debug|Any CPU.ActiveCfg = Debug|Any CPU
		{B9598046-8100-48B3-AD3D-BB6EA421F3C9}.Debug|Any CPU.Build.0 = Debug|Any CPU
		{B9598046-8100-48B3-AD3D-BB6EA421F3C9}.Release|Any CPU.ActiveCfg = Release|Any CPU
		{B9598046-8100-48B3-AD3D-BB6EA421F3C9}.Release|Any CPU.Build.0 = Release|Any CPU
		{860798F2-AC08-40EF-857A-A94EE78FB6D9}.Debug|Any CPU.ActiveCfg = Debug|Any CPU
		{860798F2-AC08-40EF-857A-A94EE78FB6D9}.Debug|Any CPU.Build.0 = Debug|Any CPU
		{860798F2-AC08-40EF-857A-A94EE78FB6D9}.Release|Any CPU.ActiveCfg = Release|Any CPU
		{860798F2-AC08-40EF-857A-A94EE78FB6D9}.Release|Any CPU.Build.0 = Release|Any CPU
		{9B12E0C6-D952-4D17-9FB7-252BBA5EB4F3}.Debug|Any CPU.ActiveCfg = Debug|Any CPU
		{9B12E0C6-D952-4D17-9FB7-252BBA5EB4F3}.Debug|Any CPU.Build.0 = Debug|Any CPU
		{9B12E0C6-D952-4D17-9FB7-252BBA5EB4F3}.Release|Any CPU.ActiveCfg = Release|Any CPU
		{9B12E0C6-D952-4D17-9FB7-252BBA5EB4F3}.Release|Any CPU.Build.0 = Release|Any CPU
		{8BA1066F-E656-4E08-B83D-6FA2046ADF2A}.Debug|Any CPU.ActiveCfg = Debug|Any CPU
		{8BA1066F-E656-4E08-B83D-6FA2046ADF2A}.Debug|Any CPU.Build.0 = Debug|Any CPU
		{8BA1066F-E656-4E08-B83D-6FA2046ADF2A}.Release|Any CPU.ActiveCfg = Release|Any CPU
		{8BA1066F-E656-4E08-B83D-6FA2046ADF2A}.Release|Any CPU.Build.0 = Release|Any CPU
		{8482B888-C866-41E7-AF01-026599FD1E48}.Debug|Any CPU.ActiveCfg = Debug|Any CPU
		{8482B888-C866-41E7-AF01-026599FD1E48}.Debug|Any CPU.Build.0 = Debug|Any CPU
		{8482B888-C866-41E7-AF01-026599FD1E48}.Release|Any CPU.ActiveCfg = Release|Any CPU
		{8482B888-C866-41E7-AF01-026599FD1E48}.Release|Any CPU.Build.0 = Release|Any CPU
		{5DD94824-8C6E-4767-8929-D5FDFD5A8F57}.Debug|Any CPU.ActiveCfg = Debug|Any CPU
		{5DD94824-8C6E-4767-8929-D5FDFD5A8F57}.Debug|Any CPU.Build.0 = Debug|Any CPU
		{5DD94824-8C6E-4767-8929-D5FDFD5A8F57}.Release|Any CPU.ActiveCfg = Release|Any CPU
		{5DD94824-8C6E-4767-8929-D5FDFD5A8F57}.Release|Any CPU.Build.0 = Release|Any CPU
		{033F8820-4BAB-444A-979E-969F57F9E45B}.Debug|Any CPU.ActiveCfg = Debug|Any CPU
		{033F8820-4BAB-444A-979E-969F57F9E45B}.Debug|Any CPU.Build.0 = Debug|Any CPU
		{033F8820-4BAB-444A-979E-969F57F9E45B}.Release|Any CPU.ActiveCfg = Release|Any CPU
		{033F8820-4BAB-444A-979E-969F57F9E45B}.Release|Any CPU.Build.0 = Release|Any CPU
		{9346059F-C792-433B-8C89-35D40824ACE5}.Debug|Any CPU.ActiveCfg = Debug|Any CPU
		{9346059F-C792-433B-8C89-35D40824ACE5}.Debug|Any CPU.Build.0 = Debug|Any CPU
		{9346059F-C792-433B-8C89-35D40824ACE5}.Release|Any CPU.ActiveCfg = Release|Any CPU
		{9346059F-C792-433B-8C89-35D40824ACE5}.Release|Any CPU.Build.0 = Release|Any CPU
		{140A207F-E141-49DE-9692-B7569A11E6F8}.Debug|Any CPU.ActiveCfg = Debug|Any CPU
		{140A207F-E141-49DE-9692-B7569A11E6F8}.Debug|Any CPU.Build.0 = Debug|Any CPU
		{140A207F-E141-49DE-9692-B7569A11E6F8}.Release|Any CPU.ActiveCfg = Release|Any CPU
		{140A207F-E141-49DE-9692-B7569A11E6F8}.Release|Any CPU.Build.0 = Release|Any CPU
		{BF6E056A-4634-4FE5-A5C0-A3F0588DA0B9}.Debug|Any CPU.ActiveCfg = Debug|Any CPU
		{BF6E056A-4634-4FE5-A5C0-A3F0588DA0B9}.Debug|Any CPU.Build.0 = Debug|Any CPU
		{BF6E056A-4634-4FE5-A5C0-A3F0588DA0B9}.Release|Any CPU.ActiveCfg = Release|Any CPU
		{BF6E056A-4634-4FE5-A5C0-A3F0588DA0B9}.Release|Any CPU.Build.0 = Release|Any CPU
		{CA999A3B-ED30-4A0F-91B3-5F1DAC26ACD0}.Debug|Any CPU.ActiveCfg = Debug|Any CPU
		{CA999A3B-ED30-4A0F-91B3-5F1DAC26ACD0}.Debug|Any CPU.Build.0 = Debug|Any CPU
		{CA999A3B-ED30-4A0F-91B3-5F1DAC26ACD0}.Release|Any CPU.ActiveCfg = Release|Any CPU
		{CA999A3B-ED30-4A0F-91B3-5F1DAC26ACD0}.Release|Any CPU.Build.0 = Release|Any CPU
		{C936FB8A-EF59-4F43-B61B-E58B5CF8155B}.Debug|Any CPU.ActiveCfg = Debug|Any CPU
		{C936FB8A-EF59-4F43-B61B-E58B5CF8155B}.Debug|Any CPU.Build.0 = Debug|Any CPU
		{C936FB8A-EF59-4F43-B61B-E58B5CF8155B}.Release|Any CPU.ActiveCfg = Release|Any CPU
		{C936FB8A-EF59-4F43-B61B-E58B5CF8155B}.Release|Any CPU.Build.0 = Release|Any CPU
		{679786D3-FBE4-42AB-B6B0-D97AE877CB0C}.Debug|Any CPU.ActiveCfg = Debug|Any CPU
		{679786D3-FBE4-42AB-B6B0-D97AE877CB0C}.Debug|Any CPU.Build.0 = Debug|Any CPU
		{679786D3-FBE4-42AB-B6B0-D97AE877CB0C}.Release|Any CPU.ActiveCfg = Release|Any CPU
		{679786D3-FBE4-42AB-B6B0-D97AE877CB0C}.Release|Any CPU.Build.0 = Release|Any CPU
		{002D2925-2E95-4052-A2A8-8ECE0DC7EE35}.Debug|Any CPU.ActiveCfg = Debug|Any CPU
		{002D2925-2E95-4052-A2A8-8ECE0DC7EE35}.Debug|Any CPU.Build.0 = Debug|Any CPU
		{002D2925-2E95-4052-A2A8-8ECE0DC7EE35}.Release|Any CPU.ActiveCfg = Release|Any CPU
		{002D2925-2E95-4052-A2A8-8ECE0DC7EE35}.Release|Any CPU.Build.0 = Release|Any CPU
		{06E98E08-BD12-4570-906A-8094A52A8B0A}.Debug|Any CPU.ActiveCfg = Debug|Any CPU
		{06E98E08-BD12-4570-906A-8094A52A8B0A}.Debug|Any CPU.Build.0 = Debug|Any CPU
		{06E98E08-BD12-4570-906A-8094A52A8B0A}.Release|Any CPU.ActiveCfg = Release|Any CPU
		{06E98E08-BD12-4570-906A-8094A52A8B0A}.Release|Any CPU.Build.0 = Release|Any CPU
		{F961A710-34B5-49CC-9DAF-660F414B973D}.Debug|Any CPU.ActiveCfg = Debug|Any CPU
		{F961A710-34B5-49CC-9DAF-660F414B973D}.Debug|Any CPU.Build.0 = Debug|Any CPU
		{F961A710-34B5-49CC-9DAF-660F414B973D}.Release|Any CPU.ActiveCfg = Release|Any CPU
		{F961A710-34B5-49CC-9DAF-660F414B973D}.Release|Any CPU.Build.0 = Release|Any CPU
		{4AEB6D98-27C5-48BA-8F98-7150B5D1F03D}.Debug|Any CPU.ActiveCfg = Debug|Any CPU
		{4AEB6D98-27C5-48BA-8F98-7150B5D1F03D}.Debug|Any CPU.Build.0 = Debug|Any CPU
		{4AEB6D98-27C5-48BA-8F98-7150B5D1F03D}.Release|Any CPU.ActiveCfg = Release|Any CPU
		{4AEB6D98-27C5-48BA-8F98-7150B5D1F03D}.Release|Any CPU.Build.0 = Release|Any CPU
		{395D75FA-0098-44B0-A34C-7B044A11B568}.Debug|Any CPU.ActiveCfg = Debug|Any CPU
		{395D75FA-0098-44B0-A34C-7B044A11B568}.Debug|Any CPU.Build.0 = Debug|Any CPU
		{395D75FA-0098-44B0-A34C-7B044A11B568}.Release|Any CPU.ActiveCfg = Release|Any CPU
		{395D75FA-0098-44B0-A34C-7B044A11B568}.Release|Any CPU.Build.0 = Release|Any CPU
		{661AEA81-9221-45B1-9179-08848708345D}.Debug|Any CPU.ActiveCfg = Debug|Any CPU
		{661AEA81-9221-45B1-9179-08848708345D}.Debug|Any CPU.Build.0 = Debug|Any CPU
		{661AEA81-9221-45B1-9179-08848708345D}.Release|Any CPU.ActiveCfg = Release|Any CPU
		{661AEA81-9221-45B1-9179-08848708345D}.Release|Any CPU.Build.0 = Release|Any CPU
		{E4B7B91D-28FF-4654-B90C-71CC61E4B2CE}.Debug|Any CPU.ActiveCfg = Debug|Any CPU
		{E4B7B91D-28FF-4654-B90C-71CC61E4B2CE}.Debug|Any CPU.Build.0 = Debug|Any CPU
		{E4B7B91D-28FF-4654-B90C-71CC61E4B2CE}.Release|Any CPU.ActiveCfg = Release|Any CPU
		{E4B7B91D-28FF-4654-B90C-71CC61E4B2CE}.Release|Any CPU.Build.0 = Release|Any CPU
		{455A18D9-11F5-404F-9B2A-FD55CCAB2C0F}.Debug|Any CPU.ActiveCfg = Debug|Any CPU
		{455A18D9-11F5-404F-9B2A-FD55CCAB2C0F}.Debug|Any CPU.Build.0 = Debug|Any CPU
		{455A18D9-11F5-404F-9B2A-FD55CCAB2C0F}.Release|Any CPU.ActiveCfg = Release|Any CPU
		{455A18D9-11F5-404F-9B2A-FD55CCAB2C0F}.Release|Any CPU.Build.0 = Release|Any CPU
		{3F846AD9-E955-42F0-9D59-5E5FD71F92A2}.Debug|Any CPU.ActiveCfg = Debug|Any CPU
		{3F846AD9-E955-42F0-9D59-5E5FD71F92A2}.Debug|Any CPU.Build.0 = Debug|Any CPU
		{3F846AD9-E955-42F0-9D59-5E5FD71F92A2}.Release|Any CPU.ActiveCfg = Release|Any CPU
		{3F846AD9-E955-42F0-9D59-5E5FD71F92A2}.Release|Any CPU.Build.0 = Release|Any CPU
		{D0FC0685-1A1A-4074-83F5-2E5BA05444A0}.Debug|Any CPU.ActiveCfg = Debug|Any CPU
		{D0FC0685-1A1A-4074-83F5-2E5BA05444A0}.Debug|Any CPU.Build.0 = Debug|Any CPU
		{D0FC0685-1A1A-4074-83F5-2E5BA05444A0}.Release|Any CPU.ActiveCfg = Release|Any CPU
		{D0FC0685-1A1A-4074-83F5-2E5BA05444A0}.Release|Any CPU.Build.0 = Release|Any CPU
		{D1D7A53C-792C-4587-8ACE-DE0A79F05A13}.Debug|Any CPU.ActiveCfg = Debug|Any CPU
		{D1D7A53C-792C-4587-8ACE-DE0A79F05A13}.Debug|Any CPU.Build.0 = Debug|Any CPU
		{D1D7A53C-792C-4587-8ACE-DE0A79F05A13}.Release|Any CPU.ActiveCfg = Release|Any CPU
		{D1D7A53C-792C-4587-8ACE-DE0A79F05A13}.Release|Any CPU.Build.0 = Release|Any CPU
	EndGlobalSection
	GlobalSection(SolutionProperties) = preSolution
		HideSolutionNode = FALSE
	EndGlobalSection
	GlobalSection(NestedProjects) = preSolution
		{667B7586-1A0C-48C8-9285-C4131039E482} = {2D78FC39-0FBD-4FAE-B971-82B89CDB8AAB}
		{7832B5D8-9853-4D1B-907F-85D29B7EC842} = {667B7586-1A0C-48C8-9285-C4131039E482}
		{95764511-4AE0-424B-899D-6E501F325B01} = {2D78FC39-0FBD-4FAE-B971-82B89CDB8AAB}
		{DE073D94-2461-4988-BC61-7EFC028C6E17} = {95764511-4AE0-424B-899D-6E501F325B01}
		{8860A508-A0EC-457C-904A-FCF03C93D4AB} = {95764511-4AE0-424B-899D-6E501F325B01}
		{34BA1B92-C552-4104-AD20-CF73BA6C472F} = {2D78FC39-0FBD-4FAE-B971-82B89CDB8AAB}
		{80F5338F-2BC1-4081-95AC-9AD2842F4715} = {34BA1B92-C552-4104-AD20-CF73BA6C472F}
		{9CCAF934-C597-43AB-91BE-50E46F01C84E} = {34BA1B92-C552-4104-AD20-CF73BA6C472F}
		{FF24E592-3E6A-4765-A18D-38615F154CB5} = {D4D8508D-11E5-46B2-865B-621FA5B6CBE6}
		{01BD4E64-17B1-439C-9FFF-DDE94ECD88FF} = {D4D8508D-11E5-46B2-865B-621FA5B6CBE6}
		{0489AA4C-3861-4AA9-AC37-7B7592D7DA8B} = {D4D8508D-11E5-46B2-865B-621FA5B6CBE6}
		{9B12E0C6-D952-4D17-9FB7-252BBA5EB4F3} = {01BD4E64-17B1-439C-9FFF-DDE94ECD88FF}
		{8BA1066F-E656-4E08-B83D-6FA2046ADF2A} = {FF24E592-3E6A-4765-A18D-38615F154CB5}
		{8482B888-C866-41E7-AF01-026599FD1E48} = {FF24E592-3E6A-4765-A18D-38615F154CB5}
		{5DD94824-8C6E-4767-8929-D5FDFD5A8F57} = {0489AA4C-3861-4AA9-AC37-7B7592D7DA8B}
		{033F8820-4BAB-444A-979E-969F57F9E45B} = {0489AA4C-3861-4AA9-AC37-7B7592D7DA8B}
		{A22898CE-4D89-48C6-B065-97276C466049} = {4FEEEF44-A7E9-4AA8-A9A4-505D955D4886}
		{9346059F-C792-433B-8C89-35D40824ACE5} = {A22898CE-4D89-48C6-B065-97276C466049}
		{7489D95A-C099-4767-B22C-1BFC21F93171} = {4FEEEF44-A7E9-4AA8-A9A4-505D955D4886}
		{140A207F-E141-49DE-9692-B7569A11E6F8} = {7489D95A-C099-4767-B22C-1BFC21F93171}
		{388C9F9C-A174-4EB3-9DA8-048C6AB78673} = {4FEEEF44-A7E9-4AA8-A9A4-505D955D4886}
		{BF6E056A-4634-4FE5-A5C0-A3F0588DA0B9} = {388C9F9C-A174-4EB3-9DA8-048C6AB78673}
		{CA999A3B-ED30-4A0F-91B3-5F1DAC26ACD0} = {388C9F9C-A174-4EB3-9DA8-048C6AB78673}
		{C936FB8A-EF59-4F43-B61B-E58B5CF8155B} = {7489D95A-C099-4767-B22C-1BFC21F93171}
		{8495A454-69C4-4B8B-AE5F-5D8BA36C7E72} = {736DF70B-E510-4670-BA4A-9253399D82B3}
		{679786D3-FBE4-42AB-B6B0-D97AE877CB0C} = {8495A454-69C4-4B8B-AE5F-5D8BA36C7E72}
		{A39DE6B6-2ED8-4B3B-85DB-B6589BAC7957} = {736DF70B-E510-4670-BA4A-9253399D82B3}
		{002D2925-2E95-4052-A2A8-8ECE0DC7EE35} = {A39DE6B6-2ED8-4B3B-85DB-B6589BAC7957}
		{8B8A6FF3-DBA8-4E23-A504-3BAC650E458D} = {736DF70B-E510-4670-BA4A-9253399D82B3}
		{06E98E08-BD12-4570-906A-8094A52A8B0A} = {8B8A6FF3-DBA8-4E23-A504-3BAC650E458D}
		{F961A710-34B5-49CC-9DAF-660F414B973D} = {A39DE6B6-2ED8-4B3B-85DB-B6589BAC7957}
		{4AEB6D98-27C5-48BA-8F98-7150B5D1F03D} = {8B8A6FF3-DBA8-4E23-A504-3BAC650E458D}
		{395D75FA-0098-44B0-A34C-7B044A11B568} = {34BA1B92-C552-4104-AD20-CF73BA6C472F}
		{3924F5E4-F40A-48BD-B31C-E533EC318CDE} = {4FEEEF44-A7E9-4AA8-A9A4-505D955D4886}
		{661AEA81-9221-45B1-9179-08848708345D} = {3924F5E4-F40A-48BD-B31C-E533EC318CDE}
		{705901F6-3CA6-4291-A11A-015DC4F43801} = {1C533FF3-897F-41AB-91CE-CAE4E6340393}
		{0B3C7C6E-C1BB-49B8-8551-E851966C30EC} = {1C533FF3-897F-41AB-91CE-CAE4E6340393}
		{E4E75F14-9F6A-4D27-BA62-5974FECF250B} = {1C533FF3-897F-41AB-91CE-CAE4E6340393}
		{E4B7B91D-28FF-4654-B90C-71CC61E4B2CE} = {705901F6-3CA6-4291-A11A-015DC4F43801}
		{455A18D9-11F5-404F-9B2A-FD55CCAB2C0F} = {E4E75F14-9F6A-4D27-BA62-5974FECF250B}
		{3F846AD9-E955-42F0-9D59-5E5FD71F92A2} = {0B3C7C6E-C1BB-49B8-8551-E851966C30EC}
		{D0FC0685-1A1A-4074-83F5-2E5BA05444A0} = {0B3C7C6E-C1BB-49B8-8551-E851966C30EC}
		{D1D7A53C-792C-4587-8ACE-DE0A79F05A13} = {E4E75F14-9F6A-4D27-BA62-5974FECF250B}
	EndGlobalSection
	GlobalSection(ExtensibilityGlobals) = postSolution
		SolutionGuid = {EA8CD13F-3CE6-4F22-99B3-C77512C31F6E}
	EndGlobalSection
EndGlobal
